# This file is generated by running "yarn install" inside your project.
# Manual changes might be lost - proceed with caution!

__metadata:
  version: 6
  cacheKey: 8

"esbuild-android-64@npm:0.14.39":
  version: 0.14.39
  resolution: "esbuild-android-64@npm:0.14.39"
  conditions: os=android & cpu=x64
  languageName: node
  linkType: hard

"esbuild-android-arm64@npm:0.14.39":
  version: 0.14.39
  resolution: "esbuild-android-arm64@npm:0.14.39"
  conditions: os=android & cpu=arm64
  languageName: node
  linkType: hard

"esbuild-darwin-64@npm:0.14.39":
  version: 0.14.39
  resolution: "esbuild-darwin-64@npm:0.14.39"
  conditions: os=darwin & cpu=x64
  languageName: node
  linkType: hard

"esbuild-darwin-arm64@npm:0.14.39":
  version: 0.14.39
  resolution: "esbuild-darwin-arm64@npm:0.14.39"
  conditions: os=darwin & cpu=arm64
  languageName: node
  linkType: hard

"esbuild-freebsd-64@npm:0.14.39":
  version: 0.14.39
  resolution: "esbuild-freebsd-64@npm:0.14.39"
  conditions: os=freebsd & cpu=x64
  languageName: node
  linkType: hard

"esbuild-freebsd-arm64@npm:0.14.39":
  version: 0.14.39
  resolution: "esbuild-freebsd-arm64@npm:0.14.39"
  conditions: os=freebsd & cpu=arm64
  languageName: node
  linkType: hard

"esbuild-linux-32@npm:0.14.39":
  version: 0.14.39
  resolution: "esbuild-linux-32@npm:0.14.39"
  conditions: os=linux & cpu=ia32
  languageName: node
  linkType: hard

"esbuild-linux-64@npm:0.14.39":
  version: 0.14.39
  resolution: "esbuild-linux-64@npm:0.14.39"
  conditions: os=linux & cpu=x64
  languageName: node
  linkType: hard

"esbuild-linux-arm64@npm:0.14.39":
  version: 0.14.39
  resolution: "esbuild-linux-arm64@npm:0.14.39"
  conditions: os=linux & cpu=arm64
  languageName: node
  linkType: hard

"esbuild-linux-arm@npm:0.14.39":
  version: 0.14.39
  resolution: "esbuild-linux-arm@npm:0.14.39"
  conditions: os=linux & cpu=arm
  languageName: node
  linkType: hard

"esbuild-linux-mips64le@npm:0.14.39":
  version: 0.14.39
  resolution: "esbuild-linux-mips64le@npm:0.14.39"
  conditions: os=linux & cpu=mips64el
  languageName: node
  linkType: hard

"esbuild-linux-ppc64le@npm:0.14.39":
  version: 0.14.39
  resolution: "esbuild-linux-ppc64le@npm:0.14.39"
  conditions: os=linux & cpu=ppc64
  languageName: node
  linkType: hard

"esbuild-linux-riscv64@npm:0.14.39":
  version: 0.14.39
  resolution: "esbuild-linux-riscv64@npm:0.14.39"
  conditions: os=linux & cpu=riscv64
  languageName: node
  linkType: hard

"esbuild-linux-s390x@npm:0.14.39":
  version: 0.14.39
  resolution: "esbuild-linux-s390x@npm:0.14.39"
  conditions: os=linux & cpu=s390x
  languageName: node
  linkType: hard

"esbuild-netbsd-64@npm:0.14.39":
  version: 0.14.39
  resolution: "esbuild-netbsd-64@npm:0.14.39"
  conditions: os=netbsd & cpu=x64
  languageName: node
  linkType: hard

"esbuild-openbsd-64@npm:0.14.39":
  version: 0.14.39
  resolution: "esbuild-openbsd-64@npm:0.14.39"
  conditions: os=openbsd & cpu=x64
  languageName: node
  linkType: hard

"esbuild-sunos-64@npm:0.14.39":
  version: 0.14.39
  resolution: "esbuild-sunos-64@npm:0.14.39"
  conditions: os=sunos & cpu=x64
  languageName: node
  linkType: hard

"esbuild-windows-32@npm:0.14.39":
  version: 0.14.39
  resolution: "esbuild-windows-32@npm:0.14.39"
  conditions: os=win32 & cpu=ia32
  languageName: node
  linkType: hard

"esbuild-windows-64@npm:0.14.39":
  version: 0.14.39
  resolution: "esbuild-windows-64@npm:0.14.39"
  conditions: os=win32 & cpu=x64
  languageName: node
  linkType: hard

"esbuild-windows-arm64@npm:0.14.39":
  version: 0.14.39
  resolution: "esbuild-windows-arm64@npm:0.14.39"
  conditions: os=win32 & cpu=arm64
  languageName: node
  linkType: hard

"esbuild@npm:^0.14.39":
  version: 0.14.39
  resolution: "esbuild@npm:0.14.39"
  dependencies:
    esbuild-android-64: 0.14.39
    esbuild-android-arm64: 0.14.39
    esbuild-darwin-64: 0.14.39
    esbuild-darwin-arm64: 0.14.39
    esbuild-freebsd-64: 0.14.39
    esbuild-freebsd-arm64: 0.14.39
    esbuild-linux-32: 0.14.39
    esbuild-linux-64: 0.14.39
    esbuild-linux-arm: 0.14.39
    esbuild-linux-arm64: 0.14.39
    esbuild-linux-mips64le: 0.14.39
    esbuild-linux-ppc64le: 0.14.39
    esbuild-linux-riscv64: 0.14.39
    esbuild-linux-s390x: 0.14.39
    esbuild-netbsd-64: 0.14.39
    esbuild-openbsd-64: 0.14.39
    esbuild-sunos-64: 0.14.39
    esbuild-windows-32: 0.14.39
    esbuild-windows-64: 0.14.39
    esbuild-windows-arm64: 0.14.39
  dependenciesMeta:
    esbuild-android-64:
      optional: true
    esbuild-android-arm64:
      optional: true
    esbuild-darwin-64:
      optional: true
    esbuild-darwin-arm64:
      optional: true
    esbuild-freebsd-64:
      optional: true
    esbuild-freebsd-arm64:
      optional: true
    esbuild-linux-32:
      optional: true
    esbuild-linux-64:
      optional: true
    esbuild-linux-arm:
      optional: true
    esbuild-linux-arm64:
      optional: true
    esbuild-linux-mips64le:
      optional: true
    esbuild-linux-ppc64le:
      optional: true
    esbuild-linux-riscv64:
      optional: true
    esbuild-linux-s390x:
      optional: true
    esbuild-netbsd-64:
      optional: true
    esbuild-openbsd-64:
      optional: true
    esbuild-sunos-64:
      optional: true
    esbuild-windows-32:
      optional: true
    esbuild-windows-64:
      optional: true
    esbuild-windows-arm64:
      optional: true
  bin:
    esbuild: bin/esbuild
  checksum: 400d97fb3ede3bdd6a50f28fd7d18d9a009a46dcf59c3988b87842f421ae36fa9a3c81bb0acd6ab07059143bc4b5f0c429f8a4129d1dc687e00aa497eb10f77b
  languageName: node
  linkType: hard

"nice-hn@workspace:.":
  version: 0.0.0-use.local
  resolution: "nice-hn@workspace:."
  dependencies:
    esbuild: ^0.14.39
    typescript: ^4.6.4
  languageName: unknown
  linkType: soft

"typescript@npm:^4.6.4":
  version: 4.6.4
  resolution: "typescript@npm:4.6.4"
  bin:
    tsc: bin/tsc
    tsserver: bin/tsserver
  checksum: e7bfcc39cd4571a63a54e5ea21f16b8445268b9900bf55aee0e02ad981be576acc140eba24f1af5e3c1457767c96cea6d12861768fb386cf3ffb34013718631a
  languageName: node
  linkType: hard

"typescript@patch:typescript@^4.6.4#~builtin<compat/typescript>":
  version: 4.6.4
  resolution: "typescript@patch:typescript@npm%3A4.6.4#~builtin<compat/typescript>::version=4.6.4&hash=7ad353"
  bin:
    tsc: bin/tsc
    tsserver: bin/tsserver
  checksum: 1cb434fbc637d347be90e3a0c6cd05e33c38f941713c8786d3031faf1842c2c148ba91d2fac01e7276b0ae3249b8633f1660e32686cc7a8c6a8fd5361dc52c66
  languageName: node
  linkType: hard
